
Microsoft Visual Studio Solution File, Format Version 12.00
# Visual Studio Version 17
VisualStudioVersion = 17.6.33829.357
MinimumVisualStudioVersion = 10.0.40219.1
Project("{FAE04EC0-301F-11D3-BF4B-00C04F79EFBC}") = "InventoryMangement", "InventoryMangement.csproj", "{042AEC77-ADD9-407D-9A22-EDE67EF470B4}"
EndProject
Global
	GlobalSection(SolutionConfigurationPlatforms) = preSolution
		Debug|Any CPU = Debug|Any CPU
		Release|Any CPU = Release|Any CPU
	EndGlobalSection
	GlobalSection(ProjectConfigurationPlatforms) = postSolution
		{042AEC77-ADD9-407D-9A22-EDE67EF470B4}.Debug|Any CPU.ActiveCfg = Debug|Any CPU
		{042AEC77-ADD9-407D-9A22-EDE67EF470B4}.Debug|Any CPU.Build.0 = Debug|Any CPU
		{042AEC77-ADD9-407D-9A22-EDE67EF470B4}.Release|Any CPU.ActiveCfg = Release|Any CPU
		{042AEC77-ADD9-407D-9A22-EDE67EF470B4}.Release|Any CPU.Build.0 = Release|Any CPU
	EndGlobalSection
	GlobalSection(SolutionProperties) = preSolution
		HideSolutionNode = FALSE
	EndGlobalSection
	GlobalSection(ExtensibilityGlobals) = postSolution
		SolutionGuid = {E6D4B06A-95EE-411A-AB58-51B3865592CA}
	EndGlobalSection
EndGlobal
